
Microsoft Visual Studio Solution File, Format Version 12.00
# Visual Studio Version 16
VisualStudioVersion = 16.0.30225.117
MinimumVisualStudioVersion = 10.0.40219.1
Project("{9A19103F-16F7-4668-BE54-9A1E7A4F7556}") = "ProdajaMobilnihAplikacija.WebAPI", "ProdajaMobilnihAplikacija.WebAPI\ProdajaMobilnihAplikacija.WebAPI.csproj", "{3BB6E848-09C3-4290-A7C8-B5DA0248871D}"
EndProject
Project("{9A19103F-16F7-4668-BE54-9A1E7A4F7556}") = "ProdajaMobilnihAplikacija.Model", "ProdajaMobilnihAplikacija.Model\ProdajaMobilnihAplikacija.Model.csproj", "{91804B3A-5FAE-49BF-A3A9-681866BD4791}"
EndProject
Project("{2150E333-8FDC-42A3-9474-1A3956D46DE8}") = "UI", "UI", "{05046E45-1241-45D3-ABB4-DF5D489285E8}"
EndProject
Project("{FAE04EC0-301F-11D3-BF4B-00C04F79EFBC}") = "ProdajaMobilnihAplikacija.WinUI", "ProdajaMobilnihAplikacija.WinUI\ProdajaMobilnihAplikacija.WinUI.csproj", "{448F187A-4564-43B4-A33E-36218B4BE94F}"
EndProject
Project("{2150E333-8FDC-42A3-9474-1A3956D46DE8}") = "Mobile", "Mobile", "{721C3A84-16D2-4552-9F8F-34FFA375DD0E}"
EndProject
Project("{FAE04EC0-301F-11D3-BF4B-00C04F79EFBC}") = "ProdajaMobilnihApplikacija.Mobile.UWP", "ProdajaMobilnihApplikacija.Mobile\ProdajaMobilnihApplikacija.Mobile.UWP\ProdajaMobilnihApplikacija.Mobile.UWP.csproj", "{DE472EC1-7635-45F3-99ED-3B7AAA71C27B}"
EndProject
Project("{FAE04EC0-301F-11D3-BF4B-00C04F79EFBC}") = "ProdajaMobilnihApplikacija.Mobile.Android", "ProdajaMobilnihApplikacija.Mobile\ProdajaMobilnihApplikacija.Mobile.Android\ProdajaMobilnihApplikacija.Mobile.Android.csproj", "{B8ACC40B-34C2-41A5-8A59-AA20A575ED90}"
EndProject
Project("{FAE04EC0-301F-11D3-BF4B-00C04F79EFBC}") = "ProdajaMobilnihApplikacija.Mobile.iOS", "ProdajaMobilnihApplikacija.Mobile\ProdajaMobilnihApplikacija.Mobile.iOS\ProdajaMobilnihApplikacija.Mobile.iOS.csproj", "{349DD169-D87F-4B10-8126-817A1BD47D47}"
EndProject
Project("{FAE04EC0-301F-11D3-BF4B-00C04F79EFBC}") = "ProdajaMobilnihApplikacija.Mobile", "ProdajaMobilnihApplikacija.Mobile\ProdajaMobilnihApplikacija.Mobile\ProdajaMobilnihApplikacija.Mobile.csproj", "{D803C81F-0762-434F-AAB7-A80631407244}"
EndProject
Global
	GlobalSection(SolutionConfigurationPlatforms) = preSolution
		Debug|Any CPU = Debug|Any CPU
		Debug|ARM = Debug|ARM
		Debug|iPhone = Debug|iPhone
		Debug|iPhoneSimulator = Debug|iPhoneSimulator
		Debug|x64 = Debug|x64
		Debug|x86 = Debug|x86
		Release|Any CPU = Release|Any CPU
		Release|ARM = Release|ARM
		Release|iPhone = Release|iPhone
		Release|iPhoneSimulator = Release|iPhoneSimulator
		Release|x64 = Release|x64
		Release|x86 = Release|x86
	EndGlobalSection
	GlobalSection(ProjectConfigurationPlatforms) = postSolution
		{3BB6E848-09C3-4290-A7C8-B5DA0248871D}.Debug|Any CPU.ActiveCfg = Debug|Any CPU
		{3BB6E848-09C3-4290-A7C8-B5DA0248871D}.Debug|Any CPU.Build.0 = Debug|Any CPU
		{3BB6E848-09C3-4290-A7C8-B5DA0248871D}.Debug|ARM.ActiveCfg = Debug|Any CPU
		{3BB6E848-09C3-4290-A7C8-B5DA0248871D}.Debug|ARM.Build.0 = Debug|Any CPU
		{3BB6E848-09C3-4290-A7C8-B5DA0248871D}.Debug|iPhone.ActiveCfg = Debug|Any CPU
		{3BB6E848-09C3-4290-A7C8-B5DA0248871D}.Debug|iPhone.Build.0 = Debug|Any CPU
		{3BB6E848-09C3-4290-A7C8-B5DA0248871D}.Debug|iPhoneSimulator.ActiveCfg = Debug|Any CPU
		{3BB6E848-09C3-4290-A7C8-B5DA0248871D}.Debug|iPhoneSimulator.Build.0 = Debug|Any CPU
		{3BB6E848-09C3-4290-A7C8-B5DA0248871D}.Debug|x64.ActiveCfg = Debug|Any CPU
		{3BB6E848-09C3-4290-A7C8-B5DA0248871D}.Debug|x64.Build.0 = Debug|Any CPU
		{3BB6E848-09C3-4290-A7C8-B5DA0248871D}.Debug|x86.ActiveCfg = Debug|Any CPU
		{3BB6E848-09C3-4290-A7C8-B5DA0248871D}.Debug|x86.Build.0 = Debug|Any CPU
		{3BB6E848-09C3-4290-A7C8-B5DA0248871D}.Release|Any CPU.ActiveCfg = Release|Any CPU
		{3BB6E848-09C3-4290-A7C8-B5DA0248871D}.Release|Any CPU.Build.0 = Release|Any CPU
		{3BB6E848-09C3-4290-A7C8-B5DA0248871D}.Release|ARM.ActiveCfg = Release|Any CPU
		{3BB6E848-09C3-4290-A7C8-B5DA0248871D}.Release|ARM.Build.0 = Release|Any CPU
		{3BB6E848-09C3-4290-A7C8-B5DA0248871D}.Release|iPhone.ActiveCfg = Release|Any CPU
		{3BB6E848-09C3-4290-A7C8-B5DA0248871D}.Release|iPhone.Build.0 = Release|Any CPU
		{3BB6E848-09C3-4290-A7C8-B5DA0248871D}.Release|iPhoneSimulator.ActiveCfg = Release|Any CPU
		{3BB6E848-09C3-4290-A7C8-B5DA0248871D}.Release|iPhoneSimulator.Build.0 = Release|Any CPU
		{3BB6E848-09C3-4290-A7C8-B5DA0248871D}.Release|x64.ActiveCfg = Release|Any CPU
		{3BB6E848-09C3-4290-A7C8-B5DA0248871D}.Release|x64.Build.0 = Release|Any CPU
		{3BB6E848-09C3-4290-A7C8-B5DA0248871D}.Release|x86.ActiveCfg = Release|Any CPU
		{3BB6E848-09C3-4290-A7C8-B5DA0248871D}.Release|x86.Build.0 = Release|Any CPU
		{91804B3A-5FAE-49BF-A3A9-681866BD4791}.Debug|Any CPU.ActiveCfg = Debug|Any CPU
		{91804B3A-5FAE-49BF-A3A9-681866BD4791}.Debug|Any CPU.Build.0 = Debug|Any CPU
		{91804B3A-5FAE-49BF-A3A9-681866BD4791}.Debug|ARM.ActiveCfg = Debug|Any CPU
		{91804B3A-5FAE-49BF-A3A9-681866BD4791}.Debug|ARM.Build.0 = Debug|Any CPU
		{91804B3A-5FAE-49BF-A3A9-681866BD4791}.Debug|iPhone.ActiveCfg = Debug|Any CPU
		{91804B3A-5FAE-49BF-A3A9-681866BD4791}.Debug|iPhone.Build.0 = Debug|Any CPU
		{91804B3A-5FAE-49BF-A3A9-681866BD4791}.Debug|iPhoneSimulator.ActiveCfg = Debug|Any CPU
		{91804B3A-5FAE-49BF-A3A9-681866BD4791}.Debug|iPhoneSimulator.Build.0 = Debug|Any CPU
		{91804B3A-5FAE-49BF-A3A9-681866BD4791}.Debug|x64.ActiveCfg = Debug|Any CPU
		{91804B3A-5FAE-49BF-A3A9-681866BD4791}.Debug|x64.Build.0 = Debug|Any CPU
		{91804B3A-5FAE-49BF-A3A9-681866BD4791}.Debug|x86.ActiveCfg = Debug|Any CPU
		{91804B3A-5FAE-49BF-A3A9-681866BD4791}.Debug|x86.Build.0 = Debug|Any CPU
		{91804B3A-5FAE-49BF-A3A9-681866BD4791}.Release|Any CPU.ActiveCfg = Release|Any CPU
		{91804B3A-5FAE-49BF-A3A9-681866BD4791}.Release|Any CPU.Build.0 = Release|Any CPU
		{91804B3A-5FAE-49BF-A3A9-681866BD4791}.Release|ARM.ActiveCfg = Release|Any CPU
		{91804B3A-5FAE-49BF-A3A9-681866BD4791}.Release|ARM.Build.0 = Release|Any CPU
		{91804B3A-5FAE-49BF-A3A9-681866BD4791}.Release|iPhone.ActiveCfg = Release|Any CPU
		{91804B3A-5FAE-49BF-A3A9-681866BD4791}.Release|iPhone.Build.0 = Release|Any CPU
		{91804B3A-5FAE-49BF-A3A9-681866BD4791}.Release|iPhoneSimulator.ActiveCfg = Release|Any CPU
		{91804B3A-5FAE-49BF-A3A9-681866BD4791}.Release|iPhoneSimulator.Build.0 = Release|Any CPU
		{91804B3A-5FAE-49BF-A3A9-681866BD4791}.Release|x64.ActiveCfg = Release|Any CPU
		{91804B3A-5FAE-49BF-A3A9-681866BD4791}.Release|x64.Build.0 = Release|Any CPU
		{91804B3A-5FAE-49BF-A3A9-681866BD4791}.Release|x86.ActiveCfg = Release|Any CPU
		{91804B3A-5FAE-49BF-A3A9-681866BD4791}.Release|x86.Build.0 = Release|Any CPU
		{448F187A-4564-43B4-A33E-36218B4BE94F}.Debug|Any CPU.ActiveCfg = Debug|Any CPU
		{448F187A-4564-43B4-A33E-36218B4BE94F}.Debug|Any CPU.Build.0 = Debug|Any CPU
		{448F187A-4564-43B4-A33E-36218B4BE94F}.Debug|ARM.ActiveCfg = Debug|Any CPU
		{448F187A-4564-43B4-A33E-36218B4BE94F}.Debug|ARM.Build.0 = Debug|Any CPU
		{448F187A-4564-43B4-A33E-36218B4BE94F}.Debug|iPhone.ActiveCfg = Debug|Any CPU
		{448F187A-4564-43B4-A33E-36218B4BE94F}.Debug|iPhone.Build.0 = Debug|Any CPU
		{448F187A-4564-43B4-A33E-36218B4BE94F}.Debug|iPhoneSimulator.ActiveCfg = Debug|Any CPU
		{448F187A-4564-43B4-A33E-36218B4BE94F}.Debug|iPhoneSimulator.Build.0 = Debug|Any CPU
		{448F187A-4564-43B4-A33E-36218B4BE94F}.Debug|x64.ActiveCfg = Debug|Any CPU
		{448F187A-4564-43B4-A33E-36218B4BE94F}.Debug|x64.Build.0 = Debug|Any CPU
		{448F187A-4564-43B4-A33E-36218B4BE94F}.Debug|x86.ActiveCfg = Debug|Any CPU
		{448F187A-4564-43B4-A33E-36218B4BE94F}.Debug|x86.Build.0 = Debug|Any CPU
		{448F187A-4564-43B4-A33E-36218B4BE94F}.Release|Any CPU.ActiveCfg = Release|Any CPU
		{448F187A-4564-43B4-A33E-36218B4BE94F}.Release|Any CPU.Build.0 = Release|Any CPU
		{448F187A-4564-43B4-A33E-36218B4BE94F}.Release|ARM.ActiveCfg = Release|Any CPU
		{448F187A-4564-43B4-A33E-36218B4BE94F}.Release|ARM.Build.0 = Release|Any CPU
		{448F187A-4564-43B4-A33E-36218B4BE94F}.Release|iPhone.ActiveCfg = Release|Any CPU
		{448F187A-4564-43B4-A33E-36218B4BE94F}.Release|iPhone.Build.0 = Release|Any CPU
		{448F187A-4564-43B4-A33E-36218B4BE94F}.Release|iPhoneSimulator.ActiveCfg = Release|Any CPU
		{448F187A-4564-43B4-A33E-36218B4BE94F}.Release|iPhoneSimulator.Build.0 = Release|Any CPU
		{448F187A-4564-43B4-A33E-36218B4BE94F}.Release|x64.ActiveCfg = Release|Any CPU
		{448F187A-4564-43B4-A33E-36218B4BE94F}.Release|x64.Build.0 = Release|Any CPU
		{448F187A-4564-43B4-A33E-36218B4BE94F}.Release|x86.ActiveCfg = Release|Any CPU
		{448F187A-4564-43B4-A33E-36218B4BE94F}.Release|x86.Build.0 = Release|Any CPU
		{DE472EC1-7635-45F3-99ED-3B7AAA71C27B}.Debug|Any CPU.ActiveCfg = Debug|x86
		{DE472EC1-7635-45F3-99ED-3B7AAA71C27B}.Debug|Any CPU.Build.0 = Debug|x86
		{DE472EC1-7635-45F3-99ED-3B7AAA71C27B}.Debug|Any CPU.Deploy.0 = Debug|x86
		{DE472EC1-7635-45F3-99ED-3B7AAA71C27B}.Debug|ARM.ActiveCfg = Debug|ARM
		{DE472EC1-7635-45F3-99ED-3B7AAA71C27B}.Debug|ARM.Build.0 = Debug|ARM
		{DE472EC1-7635-45F3-99ED-3B7AAA71C27B}.Debug|ARM.Deploy.0 = Debug|ARM
		{DE472EC1-7635-45F3-99ED-3B7AAA71C27B}.Debug|iPhone.ActiveCfg = Debug|x86
		{DE472EC1-7635-45F3-99ED-3B7AAA71C27B}.Debug|iPhoneSimulator.ActiveCfg = Debug|x86
		{DE472EC1-7635-45F3-99ED-3B7AAA71C27B}.Debug|x64.ActiveCfg = Debug|x64
		{DE472EC1-7635-45F3-99ED-3B7AAA71C27B}.Debug|x64.Build.0 = Debug|x64
		{DE472EC1-7635-45F3-99ED-3B7AAA71C27B}.Debug|x64.Deploy.0 = Debug|x64
		{DE472EC1-7635-45F3-99ED-3B7AAA71C27B}.Debug|x86.ActiveCfg = Debug|x86
		{DE472EC1-7635-45F3-99ED-3B7AAA71C27B}.Debug|x86.Build.0 = Debug|x86
		{DE472EC1-7635-45F3-99ED-3B7AAA71C27B}.Debug|x86.Deploy.0 = Debug|x86
		{DE472EC1-7635-45F3-99ED-3B7AAA71C27B}.Release|Any CPU.ActiveCfg = Release|x86
		{DE472EC1-7635-45F3-99ED-3B7AAA71C27B}.Release|ARM.ActiveCfg = Release|ARM
		{DE472EC1-7635-45F3-99ED-3B7AAA71C27B}.Release|ARM.Build.0 = Release|ARM
		{DE472EC1-7635-45F3-99ED-3B7AAA71C27B}.Release|ARM.Deploy.0 = Release|ARM
		{DE472EC1-7635-45F3-99ED-3B7AAA71C27B}.Release|iPhone.ActiveCfg = Release|x86
		{DE472EC1-7635-45F3-99ED-3B7AAA71C27B}.Release|iPhoneSimulator.ActiveCfg = Release|x86
		{DE472EC1-7635-45F3-99ED-3B7AAA71C27B}.Release|x64.ActiveCfg = Release|x64
		{DE472EC1-7635-45F3-99ED-3B7AAA71C27B}.Release|x64.Build.0 = Release|x64
		{DE472EC1-7635-45F3-99ED-3B7AAA71C27B}.Release|x64.Deploy.0 = Release|x64
		{DE472EC1-7635-45F3-99ED-3B7AAA71C27B}.Release|x86.ActiveCfg = Release|x86
		{DE472EC1-7635-45F3-99ED-3B7AAA71C27B}.Release|x86.Build.0 = Release|x86
		{DE472EC1-7635-45F3-99ED-3B7AAA71C27B}.Release|x86.Deploy.0 = Release|x86
		{B8ACC40B-34C2-41A5-8A59-AA20A575ED90}.Debug|Any CPU.ActiveCfg = Debug|Any CPU
		{B8ACC40B-34C2-41A5-8A59-AA20A575ED90}.Debug|Any CPU.Build.0 = Debug|Any CPU
		{B8ACC40B-34C2-41A5-8A59-AA20A575ED90}.Debug|Any CPU.Deploy.0 = Debug|Any CPU
		{B8ACC40B-34C2-41A5-8A59-AA20A575ED90}.Debug|ARM.ActiveCfg = Debug|Any CPU
		{B8ACC40B-34C2-41A5-8A59-AA20A575ED90}.Debug|ARM.Build.0 = Debug|Any CPU
		{B8ACC40B-34C2-41A5-8A59-AA20A575ED90}.Debug|ARM.Deploy.0 = Debug|Any CPU
		{B8ACC40B-34C2-41A5-8A59-AA20A575ED90}.Debug|iPhone.ActiveCfg = Debug|Any CPU
		{B8ACC40B-34C2-41A5-8A59-AA20A575ED90}.Debug|iPhone.Build.0 = Debug|Any CPU
		{B8ACC40B-34C2-41A5-8A59-AA20A575ED90}.Debug|iPhone.Deploy.0 = Debug|Any CPU
		{B8ACC40B-34C2-41A5-8A59-AA20A575ED90}.Debug|iPhoneSimulator.ActiveCfg = Debug|Any CPU
		{B8ACC40B-34C2-41A5-8A59-AA20A575ED90}.Debug|iPhoneSimulator.Build.0 = Debug|Any CPU
		{B8ACC40B-34C2-41A5-8A59-AA20A575ED90}.Debug|iPhoneSimulator.Deploy.0 = Debug|Any CPU
		{B8ACC40B-34C2-41A5-8A59-AA20A575ED90}.Debug|x64.ActiveCfg = Debug|Any CPU
		{B8ACC40B-34C2-41A5-8A59-AA20A575ED90}.Debug|x64.Build.0 = Debug|Any CPU
		{B8ACC40B-34C2-41A5-8A59-AA20A575ED90}.Debug|x64.Deploy.0 = Debug|Any CPU
		{B8ACC40B-34C2-41A5-8A59-AA20A575ED90}.Debug|x86.ActiveCfg = Debug|Any CPU
		{B8ACC40B-34C2-41A5-8A59-AA20A575ED90}.Debug|x86.Build.0 = Debug|Any CPU
		{B8ACC40B-34C2-41A5-8A59-AA20A575ED90}.Debug|x86.Deploy.0 = Debug|Any CPU
		{B8ACC40B-34C2-41A5-8A59-AA20A575ED90}.Release|Any CPU.ActiveCfg = Release|Any CPU
		{B8ACC40B-34C2-41A5-8A59-AA20A575ED90}.Release|Any CPU.Build.0 = Release|Any CPU
		{B8ACC40B-34C2-41A5-8A59-AA20A575ED90}.Release|Any CPU.Deploy.0 = Release|Any CPU
		{B8ACC40B-34C2-41A5-8A59-AA20A575ED90}.Release|ARM.ActiveCfg = Release|Any CPU
		{B8ACC40B-34C2-41A5-8A59-AA20A575ED90}.Release|ARM.Build.0 = Release|Any CPU
		{B8ACC40B-34C2-41A5-8A59-AA20A575ED90}.Release|ARM.Deploy.0 = Release|Any CPU
		{B8ACC40B-34C2-41A5-8A59-AA20A575ED90}.Release|iPhone.ActiveCfg = Release|Any CPU
		{B8ACC40B-34C2-41A5-8A59-AA20A575ED90}.Release|iPhone.Build.0 = Release|Any CPU
		{B8ACC40B-34C2-41A5-8A59-AA20A575ED90}.Release|iPhone.Deploy.0 = Release|Any CPU
		{B8ACC40B-34C2-41A5-8A59-AA20A575ED90}.Release|iPhoneSimulator.ActiveCfg = Release|Any CPU
		{B8ACC40B-34C2-41A5-8A59-AA20A575ED90}.Release|iPhoneSimulator.Build.0 = Release|Any CPU
		{B8ACC40B-34C2-41A5-8A59-AA20A575ED90}.Release|iPhoneSimulator.Deploy.0 = Release|Any CPU
		{B8ACC40B-34C2-41A5-8A59-AA20A575ED90}.Release|x64.ActiveCfg = Release|Any CPU
		{B8ACC40B-34C2-41A5-8A59-AA20A575ED90}.Release|x64.Build.0 = Release|Any CPU
		{B8ACC40B-34C2-41A5-8A59-AA20A575ED90}.Release|x64.Deploy.0 = Release|Any CPU
		{B8ACC40B-34C2-41A5-8A59-AA20A575ED90}.Release|x86.ActiveCfg = Release|Any CPU
		{B8ACC40B-34C2-41A5-8A59-AA20A575ED90}.Release|x86.Build.0 = Release|Any CPU
		{B8ACC40B-34C2-41A5-8A59-AA20A575ED90}.Release|x86.Deploy.0 = Release|Any CPU
		{349DD169-D87F-4B10-8126-817A1BD47D47}.Debug|Any CPU.ActiveCfg = Debug|iPhoneSimulator
		{349DD169-D87F-4B10-8126-817A1BD47D47}.Debug|ARM.ActiveCfg = Debug|iPhoneSimulator
		{349DD169-D87F-4B10-8126-817A1BD47D47}.Debug|iPhone.ActiveCfg = Debug|iPhone
		{349DD169-D87F-4B10-8126-817A1BD47D47}.Debug|iPhone.Build.0 = Debug|iPhone
		{349DD169-D87F-4B10-8126-817A1BD47D47}.Debug|iPhoneSimulator.ActiveCfg = Debug|iPhoneSimulator
		{349DD169-D87F-4B10-8126-817A1BD47D47}.Debug|iPhoneSimulator.Build.0 = Debug|iPhoneSimulator
		{349DD169-D87F-4B10-8126-817A1BD47D47}.Debug|x64.ActiveCfg = Debug|iPhoneSimulator
		{349DD169-D87F-4B10-8126-817A1BD47D47}.Debug|x86.ActiveCfg = Debug|iPhoneSimulator
		{349DD169-D87F-4B10-8126-817A1BD47D47}.Release|Any CPU.ActiveCfg = Release|iPhoneSimulator
		{349DD169-D87F-4B10-8126-817A1BD47D47}.Release|ARM.ActiveCfg = Release|iPhoneSimulator
		{349DD169-D87F-4B10-8126-817A1BD47D47}.Release|iPhone.ActiveCfg = Release|iPhone
		{349DD169-D87F-4B10-8126-817A1BD47D47}.Release|iPhone.Build.0 = Release|iPhone
		{349DD169-D87F-4B10-8126-817A1BD47D47}.Release|iPhoneSimulator.ActiveCfg = Release|iPhoneSimulator
		{349DD169-D87F-4B10-8126-817A1BD47D47}.Release|iPhoneSimulator.Build.0 = Release|iPhoneSimulator
		{349DD169-D87F-4B10-8126-817A1BD47D47}.Release|x64.ActiveCfg = Release|iPhoneSimulator
		{349DD169-D87F-4B10-8126-817A1BD47D47}.Release|x86.ActiveCfg = Release|iPhoneSimulator
		{D803C81F-0762-434F-AAB7-A80631407244}.Debug|Any CPU.ActiveCfg = Debug|Any CPU
		{D803C81F-0762-434F-AAB7-A80631407244}.Debug|Any CPU.Build.0 = Debug|Any CPU
		{D803C81F-0762-434F-AAB7-A80631407244}.Debug|ARM.ActiveCfg = Debug|Any CPU
		{D803C81F-0762-434F-AAB7-A80631407244}.Debug|ARM.Build.0 = Debug|Any CPU
		{D803C81F-0762-434F-AAB7-A80631407244}.Debug|iPhone.ActiveCfg = Debug|Any CPU
		{D803C81F-0762-434F-AAB7-A80631407244}.Debug|iPhone.Build.0 = Debug|Any CPU
		{D803C81F-0762-434F-AAB7-A80631407244}.Debug|iPhoneSimulator.ActiveCfg = Debug|Any CPU
		{D803C81F-0762-434F-AAB7-A80631407244}.Debug|iPhoneSimulator.Build.0 = Debug|Any CPU
		{D803C81F-0762-434F-AAB7-A80631407244}.Debug|x64.ActiveCfg = Debug|Any CPU
		{D803C81F-0762-434F-AAB7-A80631407244}.Debug|x64.Build.0 = Debug|Any CPU
		{D803C81F-0762-434F-AAB7-A80631407244}.Debug|x86.ActiveCfg = Debug|Any CPU
		{D803C81F-0762-434F-AAB7-A80631407244}.Debug|x86.Build.0 = Debug|Any CPU
		{D803C81F-0762-434F-AAB7-A80631407244}.Release|Any CPU.ActiveCfg = Release|Any CPU
		{D803C81F-0762-434F-AAB7-A80631407244}.Release|Any CPU.Build.0 = Release|Any CPU
		{D803C81F-0762-434F-AAB7-A80631407244}.Release|ARM.ActiveCfg = Release|Any CPU
		{D803C81F-0762-434F-AAB7-A80631407244}.Release|ARM.Build.0 = Release|Any CPU
		{D803C81F-0762-434F-AAB7-A80631407244}.Release|iPhone.ActiveCfg = Release|Any CPU
		{D803C81F-0762-434F-AAB7-A80631407244}.Release|iPhone.Build.0 = Release|Any CPU
		{D803C81F-0762-434F-AAB7-A80631407244}.Release|iPhoneSimulator.ActiveCfg = Release|Any CPU
		{D803C81F-0762-434F-AAB7-A80631407244}.Release|iPhoneSimulator.Build.0 = Release|Any CPU
		{D803C81F-0762-434F-AAB7-A80631407244}.Release|x64.ActiveCfg = Release|Any CPU
		{D803C81F-0762-434F-AAB7-A80631407244}.Release|x64.Build.0 = Release|Any CPU
		{D803C81F-0762-434F-AAB7-A80631407244}.Release|x86.ActiveCfg = Release|Any CPU
		{D803C81F-0762-434F-AAB7-A80631407244}.Release|x86.Build.0 = Release|Any CPU
	EndGlobalSection
	GlobalSection(SolutionProperties) = preSolution
		HideSolutionNode = FALSE
	EndGlobalSection
	GlobalSection(NestedProjects) = preSolution
		{448F187A-4564-43B4-A33E-36218B4BE94F} = {05046E45-1241-45D3-ABB4-DF5D489285E8}
		{DE472EC1-7635-45F3-99ED-3B7AAA71C27B} = {721C3A84-16D2-4552-9F8F-34FFA375DD0E}
		{B8ACC40B-34C2-41A5-8A59-AA20A575ED90} = {721C3A84-16D2-4552-9F8F-34FFA375DD0E}
		{349DD169-D87F-4B10-8126-817A1BD47D47} = {721C3A84-16D2-4552-9F8F-34FFA375DD0E}
		{D803C81F-0762-434F-AAB7-A80631407244} = {721C3A84-16D2-4552-9F8F-34FFA375DD0E}
	EndGlobalSection
	GlobalSection(ExtensibilityGlobals) = postSolution
		SolutionGuid = {290643DF-EE51-49EB-BEA0-1C0A52232E91}
	EndGlobalSection
EndGlobal
